{
  "name": "backend-stuff",
  "version": "1.0.0",
  "lockfileVersion": 1,
  "requires": true,
  "dependencies": {
    "pascals-frontend-stuff": {
      "version": "0.1.1",
      "resolved": "https://registry.npmjs.org/pascals-frontend-stuff/-/pascals-frontend-stuff-0.1.1.tgz",
      "integrity": "sha512-LYTmYl/rL8rwqzJEmPMFRdrlJbK6i587ti7G2snyJDUQKQ4VqVhCqS1EAQ/b3PTWB3Ol1DISL81sBk8t7UvGtA=="
    }
  }
}
